
Microsoft Visual Studio Solution File, Format Version 12.00
# Visual Studio Version 17
VisualStudioVersion = 17.1.32407.343
MinimumVisualStudioVersion = 10.0.40219.1
Project("{8BC9CEB8-8B4A-11D0-8D11-00A0C91BC942}") = "exam1", "exam1\exam1.vcxproj", "{CAF185B5-2C72-4ACD-B1B5-9A73ADA53B0F}"
EndProject
Project("{8BC9CEB8-8B4A-11D0-8D11-00A0C91BC942}") = "exam2", "exam2\exam2.vcxproj", "{DEA123EB-AED9-49A6-BD49-B402EE153FFC}"
EndProject
Project("{8BC9CEB8-8B4A-11D0-8D11-00A0C91BC942}") = "exam3", "exam3\exam3.vcxproj", "{FF0E534C-1E09-4F8C-89A9-F594D598FC4E}"
EndProject
Project("{8BC9CEB8-8B4A-11D0-8D11-00A0C91BC942}") = "exam4", "exam4\exam4.vcxproj", "{FAC7E41D-06B6-4964-A0C9-91AF3F019283}"
EndProject
Project("{8BC9CEB8-8B4A-11D0-8D11-00A0C91BC942}") = "exam5", "exam5\exam5.vcxproj", "{A3762EB5-48B1-42C0-B5F5-DBC947D1196F}"
EndProject
Project("{8BC9CEB8-8B4A-11D0-8D11-00A0C91BC942}") = "exam6", "exam6\exam6.vcxproj", "{F388F826-F3EE-4B78-927E-D36D60D137B0}"
EndProject
Project("{8BC9CEB8-8B4A-11D0-8D11-00A0C91BC942}") = "exam7", "exam7\exam7.vcxproj", "{47B0ED07-6AE6-4F4C-885C-91D17731A34C}"
EndProject
Project("{8BC9CEB8-8B4A-11D0-8D11-00A0C91BC942}") = "exam8", "exam8\exam8.vcxproj", "{7EB5DACB-64EA-4258-A275-876BD6BBF3B5}"
EndProject
Project("{8BC9CEB8-8B4A-11D0-8D11-00A0C91BC942}") = "exam9", "exam9\exam9.vcxproj", "{196A6EB8-BB6E-4D22-9DE7-63D10F3215B8}"
EndProject
Project("{8BC9CEB8-8B4A-11D0-8D11-00A0C91BC942}") = "exam10", "exam10\exam10.vcxproj", "{A19DBBF2-A5A5-498F-9697-AE551F3C9E31}"
EndProject
Global
	GlobalSection(SolutionConfigurationPlatforms) = preSolution
		Debug|x64 = Debug|x64
		Debug|x86 = Debug|x86
		Release|x64 = Release|x64
		Release|x86 = Release|x86
	EndGlobalSection
	GlobalSection(ProjectConfigurationPlatforms) = postSolution
		{CAF185B5-2C72-4ACD-B1B5-9A73ADA53B0F}.Debug|x64.ActiveCfg = Debug|x64
		{CAF185B5-2C72-4ACD-B1B5-9A73ADA53B0F}.Debug|x64.Build.0 = Debug|x64
		{CAF185B5-2C72-4ACD-B1B5-9A73ADA53B0F}.Debug|x86.ActiveCfg = Debug|Win32
		{CAF185B5-2C72-4ACD-B1B5-9A73ADA53B0F}.Debug|x86.Build.0 = Debug|Win32
		{CAF185B5-2C72-4ACD-B1B5-9A73ADA53B0F}.Release|x64.ActiveCfg = Release|x64
		{CAF185B5-2C72-4ACD-B1B5-9A73ADA53B0F}.Release|x64.Build.0 = Release|x64
		{CAF185B5-2C72-4ACD-B1B5-9A73ADA53B0F}.Release|x86.ActiveCfg = Release|Win32
		{CAF185B5-2C72-4ACD-B1B5-9A73ADA53B0F}.Release|x86.Build.0 = Release|Win32
		{DEA123EB-AED9-49A6-BD49-B402EE153FFC}.Debug|x64.ActiveCfg = Debug|x64
		{DEA123EB-AED9-49A6-BD49-B402EE153FFC}.Debug|x64.Build.0 = Debug|x64
		{DEA123EB-AED9-49A6-BD49-B402EE153FFC}.Debug|x86.ActiveCfg = Debug|Win32
		{DEA123EB-AED9-49A6-BD49-B402EE153FFC}.Debug|x86.Build.0 = Debug|Win32
		{DEA123EB-AED9-49A6-BD49-B402EE153FFC}.Release|x64.ActiveCfg = Release|x64
		{DEA123EB-AED9-49A6-BD49-B402EE153FFC}.Release|x64.Build.0 = Release|x64
		{DEA123EB-AED9-49A6-BD49-B402EE153FFC}.Release|x86.ActiveCfg = Release|Win32
		{DEA123EB-AED9-49A6-BD49-B402EE153FFC}.Release|x86.Build.0 = Release|Win32
		{FF0E534C-1E09-4F8C-89A9-F594D598FC4E}.Debug|x64.ActiveCfg = Debug|x64
		{FF0E534C-1E09-4F8C-89A9-F594D598FC4E}.Debug|x64.Build.0 = Debug|x64
		{FF0E534C-1E09-4F8C-89A9-F594D598FC4E}.Debug|x86.ActiveCfg = Debug|Win32
		{FF0E534C-1E09-4F8C-89A9-F594D598FC4E}.Debug|x86.Build.0 = Debug|Win32
		{FF0E534C-1E09-4F8C-89A9-F594D598FC4E}.Release|x64.ActiveCfg = Release|x64
		{FF0E534C-1E09-4F8C-89A9-F594D598FC4E}.Release|x64.Build.0 = Release|x64
		{FF0E534C-1E09-4F8C-89A9-F594D598FC4E}.Release|x86.ActiveCfg = Release|Win32
		{FF0E534C-1E09-4F8C-89A9-F594D598FC4E}.Release|x86.Build.0 = Release|Win32
		{FAC7E41D-06B6-4964-A0C9-91AF3F019283}.Debug|x64.ActiveCfg = Debug|x64
		{FAC7E41D-06B6-4964-A0C9-91AF3F019283}.Debug|x64.Build.0 = Debug|x64
		{FAC7E41D-06B6-4964-A0C9-91AF3F019283}.Debug|x86.ActiveCfg = Debug|Win32
		{FAC7E41D-06B6-4964-A0C9-91AF3F019283}.Debug|x86.Build.0 = Debug|Win32
		{FAC7E41D-06B6-4964-A0C9-91AF3F019283}.Release|x64.ActiveCfg = Release|x64
		{FAC7E41D-06B6-4964-A0C9-91AF3F019283}.Release|x64.Build.0 = Release|x64
		{FAC7E41D-06B6-4964-A0C9-91AF3F019283}.Release|x86.ActiveCfg = Release|Win32
		{FAC7E41D-06B6-4964-A0C9-91AF3F019283}.Release|x86.Build.0 = Release|Win32
		{A3762EB5-48B1-42C0-B5F5-DBC947D1196F}.Debug|x64.ActiveCfg = Debug|x64
		{A3762EB5-48B1-42C0-B5F5-DBC947D1196F}.Debug|x64.Build.0 = Debug|x64
		{A3762EB5-48B1-42C0-B5F5-DBC947D1196F}.Debug|x86.ActiveCfg = Debug|Win32
		{A3762EB5-48B1-42C0-B5F5-DBC947D1196F}.Debug|x86.Build.0 = Debug|Win32
		{A3762EB5-48B1-42C0-B5F5-DBC947D1196F}.Release|x64.ActiveCfg = Release|x64
		{A3762EB5-48B1-42C0-B5F5-DBC947D1196F}.Release|x64.Build.0 = Release|x64
		{A3762EB5-48B1-42C0-B5F5-DBC947D1196F}.Release|x86.ActiveCfg = Release|Win32
		{A3762EB5-48B1-42C0-B5F5-DBC947D1196F}.Release|x86.Build.0 = Release|Win32
		{F388F826-F3EE-4B78-927E-D36D60D137B0}.Debug|x64.ActiveCfg = Debug|x64
		{F388F826-F3EE-4B78-927E-D36D60D137B0}.Debug|x64.Build.0 = Debug|x64
		{F388F826-F3EE-4B78-927E-D36D60D137B0}.Debug|x86.ActiveCfg = Debug|Win32
		{F388F826-F3EE-4B78-927E-D36D60D137B0}.Debug|x86.Build.0 = Debug|Win32
		{F388F826-F3EE-4B78-927E-D36D60D137B0}.Release|x64.ActiveCfg = Release|x64
		{F388F826-F3EE-4B78-927E-D36D60D137B0}.Release|x64.Build.0 = Release|x64
		{F388F826-F3EE-4B78-927E-D36D60D137B0}.Release|x86.ActiveCfg = Release|Win32
		{F388F826-F3EE-4B78-927E-D36D60D137B0}.Release|x86.Build.0 = Release|Win32
		{47B0ED07-6AE6-4F4C-885C-91D17731A34C}.Debug|x64.ActiveCfg = Debug|x64
		{47B0ED07-6AE6-4F4C-885C-91D17731A34C}.Debug|x64.Build.0 = Debug|x64
		{47B0ED07-6AE6-4F4C-885C-91D17731A34C}.Debug|x86.ActiveCfg = Debug|Win32
		{47B0ED07-6AE6-4F4C-885C-91D17731A34C}.Debug|x86.Build.0 = Debug|Win32
		{47B0ED07-6AE6-4F4C-885C-91D17731A34C}.Release|x64.ActiveCfg = Release|x64
		{47B0ED07-6AE6-4F4C-885C-91D17731A34C}.Release|x64.Build.0 = Release|x64
		{47B0ED07-6AE6-4F4C-885C-91D17731A34C}.Release|x86.ActiveCfg = Release|Win32
		{47B0ED07-6AE6-4F4C-885C-91D17731A34C}.Release|x86.Build.0 = Release|Win32
		{7EB5DACB-64EA-4258-A275-876BD6BBF3B5}.Debug|x64.ActiveCfg = Debug|x64
		{7EB5DACB-64EA-4258-A275-876BD6BBF3B5}.Debug|x64.Build.0 = Debug|x64
		{7EB5DACB-64EA-4258-A275-876BD6BBF3B5}.Debug|x86.ActiveCfg = Debug|Win32
		{7EB5DACB-64EA-4258-A275-876BD6BBF3B5}.Debug|x86.Build.0 = Debug|Win32
		{7EB5DACB-64EA-4258-A275-876BD6BBF3B5}.Release|x64.ActiveCfg = Release|x64
		{7EB5DACB-64EA-4258-A275-876BD6BBF3B5}.Release|x64.Build.0 = Release|x64
		{7EB5DACB-64EA-4258-A275-876BD6BBF3B5}.Release|x86.ActiveCfg = Release|Win32
		{7EB5DACB-64EA-4258-A275-876BD6BBF3B5}.Release|x86.Build.0 = Release|Win32
		{196A6EB8-BB6E-4D22-9DE7-63D10F3215B8}.Debug|x64.ActiveCfg = Debug|x64
		{196A6EB8-BB6E-4D22-9DE7-63D10F3215B8}.Debug|x64.Build.0 = Debug|x64
		{196A6EB8-BB6E-4D22-9DE7-63D10F3215B8}.Debug|x86.ActiveCfg = Debug|Win32
		{196A6EB8-BB6E-4D22-9DE7-63D10F3215B8}.Debug|x86.Build.0 = Debug|Win32
		{196A6EB8-BB6E-4D22-9DE7-63D10F3215B8}.Release|x64.ActiveCfg = Release|x64
		{196A6EB8-BB6E-4D22-9DE7-63D10F3215B8}.Release|x64.Build.0 = Release|x64
		{196A6EB8-BB6E-4D22-9DE7-63D10F3215B8}.Release|x86.ActiveCfg = Release|Win32
		{196A6EB8-BB6E-4D22-9DE7-63D10F3215B8}.Release|x86.Build.0 = Release|Win32
		{A19DBBF2-A5A5-498F-9697-AE551F3C9E31}.Debug|x64.ActiveCfg = Debug|x64
		{A19DBBF2-A5A5-498F-9697-AE551F3C9E31}.Debug|x64.Build.0 = Debug|x64
		{A19DBBF2-A5A5-498F-9697-AE551F3C9E31}.Debug|x86.ActiveCfg = Debug|Win32
		{A19DBBF2-A5A5-498F-9697-AE551F3C9E31}.Debug|x86.Build.0 = Debug|Win32
		{A19DBBF2-A5A5-498F-9697-AE551F3C9E31}.Release|x64.ActiveCfg = Release|x64
		{A19DBBF2-A5A5-498F-9697-AE551F3C9E31}.Release|x64.Build.0 = Release|x64
		{A19DBBF2-A5A5-498F-9697-AE551F3C9E31}.Release|x86.ActiveCfg = Release|Win32
		{A19DBBF2-A5A5-498F-9697-AE551F3C9E31}.Release|x86.Build.0 = Release|Win32
	EndGlobalSection
	GlobalSection(SolutionProperties) = preSolution
		HideSolutionNode = FALSE
	EndGlobalSection
	GlobalSection(ExtensibilityGlobals) = postSolution
		SolutionGuid = {69D73B98-4C44-4692-A077-20AB6737E059}
	EndGlobalSection
EndGlobal
